Microsoft Visual Studio Solution File, Format Version 12.00
# Visual Studio Version 17
VisualStudioVersion = 17.5.2.0
MinimumVisualStudioVersion = 10.0.40219.1
Project("{2150E333-8FDC-42A3-9474-1A3956D46DE8}") = "EaterAI", "EaterAI", "{528146EE-FEBC-8700-83DB-2CFB04E00A53}"
EndProject
Project("{FAE04EC0-301F-11D3-BF4B-00C04F79EFBC}") = "EaterAI.API", "EaterAI\EaterAI.API\EaterAI.API.csproj", "{1846154D-3885-2605-417A-3626EB91D97D}"
EndProject
Project("{FAE04EC0-301F-11D3-BF4B-00C04F79EFBC}") = "EaterAI.MAUI", "EaterAI\EaterAI.MAUI\EaterAI.MAUI.csproj", "{2415F8ED-64AC-B3E3-757E-7628553ECBDB}"
EndProject
Project("{FAE04EC0-301F-11D3-BF4B-00C04F79EFBC}") = "EaterAI.Shared", "EaterAI\EaterAI.Shared\EaterAI.Shared.csproj", "{02DFA545-6270-D228-746C-C417F0F37B94}"
EndProject
Global
	GlobalSection(SolutionConfigurationPlatforms) = preSolution
		Debug|Any CPU = Debug|Any CPU
		Release|Any CPU = Release|Any CPU
	EndGlobalSection
	GlobalSection(ProjectConfigurationPlatforms) = postSolution
		{1846154D-3885-2605-417A-3626EB91D97D}.Debug|Any CPU.ActiveCfg = Debug|Any CPU
		{1846154D-3885-2605-417A-3626EB91D97D}.Debug|Any CPU.Build.0 = Debug|Any CPU
		{1846154D-3885-2605-417A-3626EB91D97D}.Release|Any CPU.ActiveCfg = Release|Any CPU
		{1846154D-3885-2605-417A-3626EB91D97D}.Release|Any CPU.Build.0 = Release|Any CPU
		{2415F8ED-64AC-B3E3-757E-7628553ECBDB}.Debug|Any CPU.ActiveCfg = Debug|Any CPU
		{2415F8ED-64AC-B3E3-757E-7628553ECBDB}.Debug|Any CPU.Build.0 = Debug|Any CPU
		{2415F8ED-64AC-B3E3-757E-7628553ECBDB}.Release|Any CPU.ActiveCfg = Release|Any CPU
		{2415F8ED-64AC-B3E3-757E-7628553ECBDB}.Release|Any CPU.Build.0 = Release|Any CPU
		{02DFA545-6270-D228-746C-C417F0F37B94}.Debug|Any CPU.ActiveCfg = Debug|Any CPU
		{02DFA545-6270-D228-746C-C417F0F37B94}.Debug|Any CPU.Build.0 = Debug|Any CPU
		{02DFA545-6270-D228-746C-C417F0F37B94}.Release|Any CPU.ActiveCfg = Release|Any CPU
		{02DFA545-6270-D228-746C-C417F0F37B94}.Release|Any CPU.Build.0 = Release|Any CPU
	EndGlobalSection
	GlobalSection(SolutionProperties) = preSolution
		HideSolutionNode = FALSE
	EndGlobalSection
	GlobalSection(NestedProjects) = preSolution
		{1846154D-3885-2605-417A-3626EB91D97D} = {528146EE-FEBC-8700-83DB-2CFB04E00A53}
		{2415F8ED-64AC-B3E3-757E-7628553ECBDB} = {528146EE-FEBC-8700-83DB-2CFB04E00A53}
		{02DFA545-6270-D228-746C-C417F0F37B94} = {528146EE-FEBC-8700-83DB-2CFB04E00A53}
	EndGlobalSection
	GlobalSection(ExtensibilityGlobals) = postSolution
		SolutionGuid = {112B1422-47FB-4675-A6D2-943AFF4904CB}
	EndGlobalSection
EndGlobal
